
Microsoft Visual Studio Solution File, Format Version 12.00
# Visual Studio Version 17
VisualStudioVersion = 17.0.31903.59
MinimumVisualStudioVersion = 10.0.40219.1
Project("{2150E333-8FDC-42A3-9474-1A3956D46DE8}") = "솔루션 항목", "솔루션 항목", "{2997EB95-1DFE-4A49-A9AE-9A92F0FC5DB5}"
	ProjectSection(SolutionItems) = preProject
		.editorconfig = .editorconfig
	EndProjectSection
EndProject
Project("{2150E333-8FDC-42A3-9474-1A3956D46DE8}") = "Chapter1", "Chapter1", "{EE368038-DB95-4A32-A095-76448DDA4A59}"
EndProject
Project("{9A19103F-16F7-4668-BE54-9A1E7A4F7556}") = "Recipe7", "Chapter1\Recipe7\Recipe7.csproj", "{B9559CA2-9E1B-4FEC-8E34-869FCDA8141F}"
EndProject
Project("{9A19103F-16F7-4668-BE54-9A1E7A4F7556}") = "Recipe6", "Chapter1\Recipe6\Recipe6.csproj", "{757E864E-BF63-45AA-BE01-4A80F5C4357B}"
EndProject
Project("{FAE04EC0-301F-11D3-BF4B-00C04F79EFBC}") = "Recipe8", "Chapter1\Recipe8\Recipe8.csproj", "{6DB8DC27-6921-4A03-B792-8A7D7578D69E}"
EndProject
Project("{FAE04EC0-301F-11D3-BF4B-00C04F79EFBC}") = "Recipe9", "Chapter1\Recipe9\Recipe9.csproj", "{FE1227C2-83C3-4545-9782-6E02E41591D3}"
EndProject
Project("{FAE04EC0-301F-11D3-BF4B-00C04F79EFBC}") = "Recipe10", "Chapter1\Recipe10\Recipe10.csproj", "{359828B1-7AB5-4545-B12D-36238DB0DEB2}"
EndProject
Project("{FAE04EC0-301F-11D3-BF4B-00C04F79EFBC}") = "Recipe11", "Chapter1\Recipe11\Recipe11.csproj", "{E155246B-5D45-4EB4-9ACF-32DC7CCC2B71}"
EndProject
Project("{2150E333-8FDC-42A3-9474-1A3956D46DE8}") = "Chapter2", "Chapter2", "{73164C3F-6688-4BFF-925D-2554F03EF2CC}"
EndProject
Project("{FAE04EC0-301F-11D3-BF4B-00C04F79EFBC}") = "Recipe1", "Chapter2\Recipe1\Recipe1.csproj", "{578CC347-5E4C-4C46-B7D0-679C4487AF39}"
EndProject
Project("{FAE04EC0-301F-11D3-BF4B-00C04F79EFBC}") = "Recipe2", "Chapter2\Recipe2\Recipe2.csproj", "{8A867F79-49F9-46F1-BF87-C06AFE9C9191}"
EndProject
Project("{FAE04EC0-301F-11D3-BF4B-00C04F79EFBC}") = "Recipe3", "Chapter2\Recipe3\Recipe3.csproj", "{9B40E441-F07D-427D-AAEA-5E5053263DAA}"
EndProject
Project("{FAE04EC0-301F-11D3-BF4B-00C04F79EFBC}") = "Recipe4", "Chapter2\Recipe4\Recipe4.csproj", "{1BF56F0C-5B64-4C96-8431-C612DBF64732}"
EndProject
Project("{FAE04EC0-301F-11D3-BF4B-00C04F79EFBC}") = "Recipe5", "Chapter2\Recipe5\Recipe5.csproj", "{FDD63581-28BE-444D-A41D-D3FC052C74F4}"
EndProject
Project("{FAE04EC0-301F-11D3-BF4B-00C04F79EFBC}") = "Recipe6", "Chapter2\Recipe6\Recipe6.csproj", "{27C410D4-F2BA-4A41-8DDB-E600451B43A0}"
EndProject
Project("{FAE04EC0-301F-11D3-BF4B-00C04F79EFBC}") = "Recipe7", "Chapter2\Recipe7\Recipe7.csproj", "{9A5FE4B3-55B1-4850-9958-AAD8D8657CDC}"
EndProject
Project("{FAE04EC0-301F-11D3-BF4B-00C04F79EFBC}") = "Recipe8", "Chapter2\Recipe8\Recipe8.csproj", "{E0D1636D-3736-4D88-BC32-E6CB0415E489}"
EndProject
Project("{FAE04EC0-301F-11D3-BF4B-00C04F79EFBC}") = "Recipe9", "Chapter2\Recipe9\Recipe9.csproj", "{9DED4944-A23A-4BA8-854E-8B444324372F}"
EndProject
Project("{2150E333-8FDC-42A3-9474-1A3956D46DE8}") = "Chapter3", "Chapter3", "{79DFD6E0-36F9-4916-A51C-8AAD7F708305}"
EndProject
Project("{FAE04EC0-301F-11D3-BF4B-00C04F79EFBC}") = "Recipe1", "Chapter3\Recipe1\Recipe1.csproj", "{1063874B-0986-4FB9-96FA-BB856F4786D3}"
EndProject
Project("{2150E333-8FDC-42A3-9474-1A3956D46DE8}") = "Chapter4", "Chapter4", "{D4D46A94-5A2E-4CDD-B879-3F493E53F640}"
EndProject
Project("{FAE04EC0-301F-11D3-BF4B-00C04F79EFBC}") = "Recipe1", "Chapter4\Recipe1\Recipe1.csproj", "{CF70D443-1C9E-44E4-BF9D-2253C2F69156}"
EndProject
Project("{FAE04EC0-301F-11D3-BF4B-00C04F79EFBC}") = "Recipe2", "Chapter4\Recipe2\Recipe2.csproj", "{A450024C-0926-4ADD-9D52-FEDADA9DAF26}"
EndProject
Project("{FAE04EC0-301F-11D3-BF4B-00C04F79EFBC}") = "Recipe3", "Chapter4\Recipe3\Recipe3.csproj", "{8ABFB068-1190-41DC-9584-A461247DB704}"
EndProject
Project("{FAE04EC0-301F-11D3-BF4B-00C04F79EFBC}") = "Recipe5", "Chapter4\Recipe5\Recipe5.csproj", "{902695A7-44C5-43BC-ADA5-C5CDFD87AFCC}"
EndProject
Project("{FAE04EC0-301F-11D3-BF4B-00C04F79EFBC}") = "Recipe6", "Chapter4\Recipe6\Recipe6.csproj", "{D7D57CB8-A47B-458F-BF9E-2E095882DDF5}"
EndProject
Project("{FAE04EC0-301F-11D3-BF4B-00C04F79EFBC}") = "Recipe7", "Chapter4\Recipe7\Recipe7.csproj", "{1295BCB2-1411-4DD6-8D23-16A46DC6E24B}"
EndProject
Project("{FAE04EC0-301F-11D3-BF4B-00C04F79EFBC}") = "Recipe8", "Chapter4\Recipe8\Recipe8.csproj", "{8B3C67B9-B7D2-44DA-83D1-DC7B0CA1427F}"
EndProject
Project("{FAE04EC0-301F-11D3-BF4B-00C04F79EFBC}") = "Recipe9", "Chapter4\Recipe9\Recipe9.csproj", "{717C9239-C476-44ED-96F2-F3A8931F531B}"
EndProject
Project("{2150E333-8FDC-42A3-9474-1A3956D46DE8}") = "Chapter5", "Chapter5", "{B3D76B51-0913-4965-960F-AC18E805EC5F}"
EndProject
Project("{FAE04EC0-301F-11D3-BF4B-00C04F79EFBC}") = "Recipe1", "Chapter5\Recipe1\Recipe1.csproj", "{93B4380D-51BE-4B53-A243-2D9E1D0D2BEC}"
EndProject
Project("{FAE04EC0-301F-11D3-BF4B-00C04F79EFBC}") = "Recipe2", "Chapter5\Recipe2\Recipe2.csproj", "{532B3240-932B-4541-BD92-B17D8E82E514}"
EndProject
Project("{FAE04EC0-301F-11D3-BF4B-00C04F79EFBC}") = "Recipe3", "Chapter5\Recipe3\Recipe3.csproj", "{21675EE9-FACD-4BF3-936D-55EA876F9338}"
EndProject
Project("{FAE04EC0-301F-11D3-BF4B-00C04F79EFBC}") = "Recipe4", "Chapter5\Recipe4\Recipe4.csproj", "{C1EC63C3-778B-41AD-A09B-5C2FF154B536}"
EndProject
Project("{FAE04EC0-301F-11D3-BF4B-00C04F79EFBC}") = "Recipe5", "Chapter5\Recipe5\Recipe5.csproj", "{F9470318-44AA-4106-BE4B-654DB356BE14}"
EndProject
Project("{FAE04EC0-301F-11D3-BF4B-00C04F79EFBC}") = "Recipe6", "Chapter5\Recipe6\Recipe6.csproj", "{208BFD68-CD26-4AC4-836B-3FA884A2B4F3}"
EndProject
Global
	GlobalSection(SolutionConfigurationPlatforms) = preSolution
		Debug|Any CPU = Debug|Any CPU
		Release|Any CPU = Release|Any CPU
	EndGlobalSection
	GlobalSection(ProjectConfigurationPlatforms) = postSolution
		{B9559CA2-9E1B-4FEC-8E34-869FCDA8141F}.Debug|Any CPU.ActiveCfg = Debug|Any CPU
		{B9559CA2-9E1B-4FEC-8E34-869FCDA8141F}.Debug|Any CPU.Build.0 = Debug|Any CPU
		{B9559CA2-9E1B-4FEC-8E34-869FCDA8141F}.Release|Any CPU.ActiveCfg = Release|Any CPU
		{B9559CA2-9E1B-4FEC-8E34-869FCDA8141F}.Release|Any CPU.Build.0 = Release|Any CPU
		{757E864E-BF63-45AA-BE01-4A80F5C4357B}.Debug|Any CPU.ActiveCfg = Debug|Any CPU
		{757E864E-BF63-45AA-BE01-4A80F5C4357B}.Debug|Any CPU.Build.0 = Debug|Any CPU
		{757E864E-BF63-45AA-BE01-4A80F5C4357B}.Release|Any CPU.ActiveCfg = Release|Any CPU
		{757E864E-BF63-45AA-BE01-4A80F5C4357B}.Release|Any CPU.Build.0 = Release|Any CPU
		{6DB8DC27-6921-4A03-B792-8A7D7578D69E}.Debug|Any CPU.ActiveCfg = Debug|Any CPU
		{6DB8DC27-6921-4A03-B792-8A7D7578D69E}.Debug|Any CPU.Build.0 = Debug|Any CPU
		{6DB8DC27-6921-4A03-B792-8A7D7578D69E}.Release|Any CPU.ActiveCfg = Release|Any CPU
		{6DB8DC27-6921-4A03-B792-8A7D7578D69E}.Release|Any CPU.Build.0 = Release|Any CPU
		{FE1227C2-83C3-4545-9782-6E02E41591D3}.Debug|Any CPU.ActiveCfg = Debug|Any CPU
		{FE1227C2-83C3-4545-9782-6E02E41591D3}.Debug|Any CPU.Build.0 = Debug|Any CPU
		{FE1227C2-83C3-4545-9782-6E02E41591D3}.Release|Any CPU.ActiveCfg = Release|Any CPU
		{FE1227C2-83C3-4545-9782-6E02E41591D3}.Release|Any CPU.Build.0 = Release|Any CPU
		{359828B1-7AB5-4545-B12D-36238DB0DEB2}.Debug|Any CPU.ActiveCfg = Debug|Any CPU
		{359828B1-7AB5-4545-B12D-36238DB0DEB2}.Debug|Any CPU.Build.0 = Debug|Any CPU
		{359828B1-7AB5-4545-B12D-36238DB0DEB2}.Release|Any CPU.ActiveCfg = Release|Any CPU
		{359828B1-7AB5-4545-B12D-36238DB0DEB2}.Release|Any CPU.Build.0 = Release|Any CPU
		{E155246B-5D45-4EB4-9ACF-32DC7CCC2B71}.Debug|Any CPU.ActiveCfg = Debug|Any CPU
		{E155246B-5D45-4EB4-9ACF-32DC7CCC2B71}.Debug|Any CPU.Build.0 = Debug|Any CPU
		{E155246B-5D45-4EB4-9ACF-32DC7CCC2B71}.Release|Any CPU.ActiveCfg = Release|Any CPU
		{E155246B-5D45-4EB4-9ACF-32DC7CCC2B71}.Release|Any CPU.Build.0 = Release|Any CPU
		{578CC347-5E4C-4C46-B7D0-679C4487AF39}.Debug|Any CPU.ActiveCfg = Debug|Any CPU
		{578CC347-5E4C-4C46-B7D0-679C4487AF39}.Debug|Any CPU.Build.0 = Debug|Any CPU
		{578CC347-5E4C-4C46-B7D0-679C4487AF39}.Release|Any CPU.ActiveCfg = Release|Any CPU
		{578CC347-5E4C-4C46-B7D0-679C4487AF39}.Release|Any CPU.Build.0 = Release|Any CPU
		{8A867F79-49F9-46F1-BF87-C06AFE9C9191}.Debug|Any CPU.ActiveCfg = Debug|Any CPU
		{8A867F79-49F9-46F1-BF87-C06AFE9C9191}.Debug|Any CPU.Build.0 = Debug|Any CPU
		{8A867F79-49F9-46F1-BF87-C06AFE9C9191}.Release|Any CPU.ActiveCfg = Release|Any CPU
		{8A867F79-49F9-46F1-BF87-C06AFE9C9191}.Release|Any CPU.Build.0 = Release|Any CPU
		{9B40E441-F07D-427D-AAEA-5E5053263DAA}.Debug|Any CPU.ActiveCfg = Debug|Any CPU
		{9B40E441-F07D-427D-AAEA-5E5053263DAA}.Debug|Any CPU.Build.0 = Debug|Any CPU
		{9B40E441-F07D-427D-AAEA-5E5053263DAA}.Release|Any CPU.ActiveCfg = Release|Any CPU
		{9B40E441-F07D-427D-AAEA-5E5053263DAA}.Release|Any CPU.Build.0 = Release|Any CPU
		{1BF56F0C-5B64-4C96-8431-C612DBF64732}.Debug|Any CPU.ActiveCfg = Debug|Any CPU
		{1BF56F0C-5B64-4C96-8431-C612DBF64732}.Debug|Any CPU.Build.0 = Debug|Any CPU
		{1BF56F0C-5B64-4C96-8431-C612DBF64732}.Release|Any CPU.ActiveCfg = Release|Any CPU
		{1BF56F0C-5B64-4C96-8431-C612DBF64732}.Release|Any CPU.Build.0 = Release|Any CPU
		{FDD63581-28BE-444D-A41D-D3FC052C74F4}.Debug|Any CPU.ActiveCfg = Debug|Any CPU
		{FDD63581-28BE-444D-A41D-D3FC052C74F4}.Debug|Any CPU.Build.0 = Debug|Any CPU
		{FDD63581-28BE-444D-A41D-D3FC052C74F4}.Release|Any CPU.ActiveCfg = Release|Any CPU
		{FDD63581-28BE-444D-A41D-D3FC052C74F4}.Release|Any CPU.Build.0 = Release|Any CPU
		{27C410D4-F2BA-4A41-8DDB-E600451B43A0}.Debug|Any CPU.ActiveCfg = Debug|Any CPU
		{27C410D4-F2BA-4A41-8DDB-E600451B43A0}.Debug|Any CPU.Build.0 = Debug|Any CPU
		{27C410D4-F2BA-4A41-8DDB-E600451B43A0}.Release|Any CPU.ActiveCfg = Release|Any CPU
		{27C410D4-F2BA-4A41-8DDB-E600451B43A0}.Release|Any CPU.Build.0 = Release|Any CPU
		{9A5FE4B3-55B1-4850-9958-AAD8D8657CDC}.Debug|Any CPU.ActiveCfg = Debug|Any CPU
		{9A5FE4B3-55B1-4850-9958-AAD8D8657CDC}.Debug|Any CPU.Build.0 = Debug|Any CPU
		{9A5FE4B3-55B1-4850-9958-AAD8D8657CDC}.Release|Any CPU.ActiveCfg = Release|Any CPU
		{9A5FE4B3-55B1-4850-9958-AAD8D8657CDC}.Release|Any CPU.Build.0 = Release|Any CPU
		{E0D1636D-3736-4D88-BC32-E6CB0415E489}.Debug|Any CPU.ActiveCfg = Debug|Any CPU
		{E0D1636D-3736-4D88-BC32-E6CB0415E489}.Debug|Any CPU.Build.0 = Debug|Any CPU
		{E0D1636D-3736-4D88-BC32-E6CB0415E489}.Release|Any CPU.ActiveCfg = Release|Any CPU
		{E0D1636D-3736-4D88-BC32-E6CB0415E489}.Release|Any CPU.Build.0 = Release|Any CPU
		{9DED4944-A23A-4BA8-854E-8B444324372F}.Debug|Any CPU.ActiveCfg = Debug|Any CPU
		{9DED4944-A23A-4BA8-854E-8B444324372F}.Debug|Any CPU.Build.0 = Debug|Any CPU
		{9DED4944-A23A-4BA8-854E-8B444324372F}.Release|Any CPU.ActiveCfg = Release|Any CPU
		{9DED4944-A23A-4BA8-854E-8B444324372F}.Release|Any CPU.Build.0 = Release|Any CPU
		{1063874B-0986-4FB9-96FA-BB856F4786D3}.Debug|Any CPU.ActiveCfg = Debug|Any CPU
		{1063874B-0986-4FB9-96FA-BB856F4786D3}.Debug|Any CPU.Build.0 = Debug|Any CPU
		{1063874B-0986-4FB9-96FA-BB856F4786D3}.Release|Any CPU.ActiveCfg = Release|Any CPU
		{1063874B-0986-4FB9-96FA-BB856F4786D3}.Release|Any CPU.Build.0 = Release|Any CPU
		{CF70D443-1C9E-44E4-BF9D-2253C2F69156}.Debug|Any CPU.ActiveCfg = Debug|Any CPU
		{CF70D443-1C9E-44E4-BF9D-2253C2F69156}.Debug|Any CPU.Build.0 = Debug|Any CPU
		{CF70D443-1C9E-44E4-BF9D-2253C2F69156}.Release|Any CPU.ActiveCfg = Release|Any CPU
		{CF70D443-1C9E-44E4-BF9D-2253C2F69156}.Release|Any CPU.Build.0 = Release|Any CPU
		{A450024C-0926-4ADD-9D52-FEDADA9DAF26}.Debug|Any CPU.ActiveCfg = Debug|Any CPU
		{A450024C-0926-4ADD-9D52-FEDADA9DAF26}.Debug|Any CPU.Build.0 = Debug|Any CPU
		{A450024C-0926-4ADD-9D52-FEDADA9DAF26}.Release|Any CPU.ActiveCfg = Release|Any CPU
		{A450024C-0926-4ADD-9D52-FEDADA9DAF26}.Release|Any CPU.Build.0 = Release|Any CPU
		{8ABFB068-1190-41DC-9584-A461247DB704}.Debug|Any CPU.ActiveCfg = Debug|Any CPU
		{8ABFB068-1190-41DC-9584-A461247DB704}.Debug|Any CPU.Build.0 = Debug|Any CPU
		{8ABFB068-1190-41DC-9584-A461247DB704}.Release|Any CPU.ActiveCfg = Release|Any CPU
		{8ABFB068-1190-41DC-9584-A461247DB704}.Release|Any CPU.Build.0 = Release|Any CPU
		{902695A7-44C5-43BC-ADA5-C5CDFD87AFCC}.Debug|Any CPU.ActiveCfg = Debug|Any CPU
		{902695A7-44C5-43BC-ADA5-C5CDFD87AFCC}.Debug|Any CPU.Build.0 = Debug|Any CPU
		{902695A7-44C5-43BC-ADA5-C5CDFD87AFCC}.Release|Any CPU.ActiveCfg = Release|Any CPU
		{902695A7-44C5-43BC-ADA5-C5CDFD87AFCC}.Release|Any CPU.Build.0 = Release|Any CPU
		{D7D57CB8-A47B-458F-BF9E-2E095882DDF5}.Debug|Any CPU.ActiveCfg = Debug|Any CPU
		{D7D57CB8-A47B-458F-BF9E-2E095882DDF5}.Debug|Any CPU.Build.0 = Debug|Any CPU
		{D7D57CB8-A47B-458F-BF9E-2E095882DDF5}.Release|Any CPU.ActiveCfg = Release|Any CPU
		{D7D57CB8-A47B-458F-BF9E-2E095882DDF5}.Release|Any CPU.Build.0 = Release|Any CPU
		{1295BCB2-1411-4DD6-8D23-16A46DC6E24B}.Debug|Any CPU.ActiveCfg = Debug|Any CPU
		{1295BCB2-1411-4DD6-8D23-16A46DC6E24B}.Debug|Any CPU.Build.0 = Debug|Any CPU
		{1295BCB2-1411-4DD6-8D23-16A46DC6E24B}.Release|Any CPU.ActiveCfg = Release|Any CPU
		{1295BCB2-1411-4DD6-8D23-16A46DC6E24B}.Release|Any CPU.Build.0 = Release|Any CPU
		{8B3C67B9-B7D2-44DA-83D1-DC7B0CA1427F}.Debug|Any CPU.ActiveCfg = Debug|Any CPU
		{8B3C67B9-B7D2-44DA-83D1-DC7B0CA1427F}.Debug|Any CPU.Build.0 = Debug|Any CPU
		{8B3C67B9-B7D2-44DA-83D1-DC7B0CA1427F}.Release|Any CPU.ActiveCfg = Release|Any CPU
		{8B3C67B9-B7D2-44DA-83D1-DC7B0CA1427F}.Release|Any CPU.Build.0 = Release|Any CPU
		{717C9239-C476-44ED-96F2-F3A8931F531B}.Debug|Any CPU.ActiveCfg = Debug|Any CPU
		{717C9239-C476-44ED-96F2-F3A8931F531B}.Debug|Any CPU.Build.0 = Debug|Any CPU
		{717C9239-C476-44ED-96F2-F3A8931F531B}.Release|Any CPU.ActiveCfg = Release|Any CPU
		{717C9239-C476-44ED-96F2-F3A8931F531B}.Release|Any CPU.Build.0 = Release|Any CPU
		{93B4380D-51BE-4B53-A243-2D9E1D0D2BEC}.Debug|Any CPU.ActiveCfg = Debug|Any CPU
		{93B4380D-51BE-4B53-A243-2D9E1D0D2BEC}.Debug|Any CPU.Build.0 = Debug|Any CPU
		{93B4380D-51BE-4B53-A243-2D9E1D0D2BEC}.Release|Any CPU.ActiveCfg = Release|Any CPU
		{93B4380D-51BE-4B53-A243-2D9E1D0D2BEC}.Release|Any CPU.Build.0 = Release|Any CPU
		{532B3240-932B-4541-BD92-B17D8E82E514}.Debug|Any CPU.ActiveCfg = Debug|Any CPU
		{532B3240-932B-4541-BD92-B17D8E82E514}.Debug|Any CPU.Build.0 = Debug|Any CPU
		{532B3240-932B-4541-BD92-B17D8E82E514}.Release|Any CPU.ActiveCfg = Release|Any CPU
		{532B3240-932B-4541-BD92-B17D8E82E514}.Release|Any CPU.Build.0 = Release|Any CPU
		{21675EE9-FACD-4BF3-936D-55EA876F9338}.Debug|Any CPU.ActiveCfg = Debug|Any CPU
		{21675EE9-FACD-4BF3-936D-55EA876F9338}.Debug|Any CPU.Build.0 = Debug|Any CPU
		{21675EE9-FACD-4BF3-936D-55EA876F9338}.Release|Any CPU.ActiveCfg = Release|Any CPU
		{21675EE9-FACD-4BF3-936D-55EA876F9338}.Release|Any CPU.Build.0 = Release|Any CPU
		{C1EC63C3-778B-41AD-A09B-5C2FF154B536}.Debug|Any CPU.ActiveCfg = Debug|Any CPU
		{C1EC63C3-778B-41AD-A09B-5C2FF154B536}.Debug|Any CPU.Build.0 = Debug|Any CPU
		{C1EC63C3-778B-41AD-A09B-5C2FF154B536}.Release|Any CPU.ActiveCfg = Release|Any CPU
		{C1EC63C3-778B-41AD-A09B-5C2FF154B536}.Release|Any CPU.Build.0 = Release|Any CPU
		{F9470318-44AA-4106-BE4B-654DB356BE14}.Debug|Any CPU.ActiveCfg = Debug|Any CPU
		{F9470318-44AA-4106-BE4B-654DB356BE14}.Debug|Any CPU.Build.0 = Debug|Any CPU
		{F9470318-44AA-4106-BE4B-654DB356BE14}.Release|Any CPU.ActiveCfg = Release|Any CPU
		{F9470318-44AA-4106-BE4B-654DB356BE14}.Release|Any CPU.Build.0 = Release|Any CPU
		{208BFD68-CD26-4AC4-836B-3FA884A2B4F3}.Debug|Any CPU.ActiveCfg = Debug|Any CPU
		{208BFD68-CD26-4AC4-836B-3FA884A2B4F3}.Debug|Any CPU.Build.0 = Debug|Any CPU
		{208BFD68-CD26-4AC4-836B-3FA884A2B4F3}.Release|Any CPU.ActiveCfg = Release|Any CPU
		{208BFD68-CD26-4AC4-836B-3FA884A2B4F3}.Release|Any CPU.Build.0 = Release|Any CPU
	EndGlobalSection
	GlobalSection(SolutionProperties) = preSolution
		HideSolutionNode = FALSE
	EndGlobalSection
	GlobalSection(NestedProjects) = preSolution
		{B9559CA2-9E1B-4FEC-8E34-869FCDA8141F} = {EE368038-DB95-4A32-A095-76448DDA4A59}
		{757E864E-BF63-45AA-BE01-4A80F5C4357B} = {EE368038-DB95-4A32-A095-76448DDA4A59}
		{6DB8DC27-6921-4A03-B792-8A7D7578D69E} = {EE368038-DB95-4A32-A095-76448DDA4A59}
		{FE1227C2-83C3-4545-9782-6E02E41591D3} = {EE368038-DB95-4A32-A095-76448DDA4A59}
		{359828B1-7AB5-4545-B12D-36238DB0DEB2} = {EE368038-DB95-4A32-A095-76448DDA4A59}
		{E155246B-5D45-4EB4-9ACF-32DC7CCC2B71} = {EE368038-DB95-4A32-A095-76448DDA4A59}
		{578CC347-5E4C-4C46-B7D0-679C4487AF39} = {73164C3F-6688-4BFF-925D-2554F03EF2CC}
		{8A867F79-49F9-46F1-BF87-C06AFE9C9191} = {73164C3F-6688-4BFF-925D-2554F03EF2CC}
		{9B40E441-F07D-427D-AAEA-5E5053263DAA} = {73164C3F-6688-4BFF-925D-2554F03EF2CC}
		{1BF56F0C-5B64-4C96-8431-C612DBF64732} = {73164C3F-6688-4BFF-925D-2554F03EF2CC}
		{FDD63581-28BE-444D-A41D-D3FC052C74F4} = {73164C3F-6688-4BFF-925D-2554F03EF2CC}
		{27C410D4-F2BA-4A41-8DDB-E600451B43A0} = {73164C3F-6688-4BFF-925D-2554F03EF2CC}
		{9A5FE4B3-55B1-4850-9958-AAD8D8657CDC} = {73164C3F-6688-4BFF-925D-2554F03EF2CC}
		{E0D1636D-3736-4D88-BC32-E6CB0415E489} = {73164C3F-6688-4BFF-925D-2554F03EF2CC}
		{9DED4944-A23A-4BA8-854E-8B444324372F} = {73164C3F-6688-4BFF-925D-2554F03EF2CC}
		{1063874B-0986-4FB9-96FA-BB856F4786D3} = {79DFD6E0-36F9-4916-A51C-8AAD7F708305}
		{CF70D443-1C9E-44E4-BF9D-2253C2F69156} = {D4D46A94-5A2E-4CDD-B879-3F493E53F640}
		{A450024C-0926-4ADD-9D52-FEDADA9DAF26} = {D4D46A94-5A2E-4CDD-B879-3F493E53F640}
		{8ABFB068-1190-41DC-9584-A461247DB704} = {D4D46A94-5A2E-4CDD-B879-3F493E53F640}
		{902695A7-44C5-43BC-ADA5-C5CDFD87AFCC} = {D4D46A94-5A2E-4CDD-B879-3F493E53F640}
		{D7D57CB8-A47B-458F-BF9E-2E095882DDF5} = {D4D46A94-5A2E-4CDD-B879-3F493E53F640}
		{1295BCB2-1411-4DD6-8D23-16A46DC6E24B} = {D4D46A94-5A2E-4CDD-B879-3F493E53F640}
		{8B3C67B9-B7D2-44DA-83D1-DC7B0CA1427F} = {D4D46A94-5A2E-4CDD-B879-3F493E53F640}
		{717C9239-C476-44ED-96F2-F3A8931F531B} = {D4D46A94-5A2E-4CDD-B879-3F493E53F640}
		{93B4380D-51BE-4B53-A243-2D9E1D0D2BEC} = {B3D76B51-0913-4965-960F-AC18E805EC5F}
		{532B3240-932B-4541-BD92-B17D8E82E514} = {B3D76B51-0913-4965-960F-AC18E805EC5F}
		{21675EE9-FACD-4BF3-936D-55EA876F9338} = {B3D76B51-0913-4965-960F-AC18E805EC5F}
		{C1EC63C3-778B-41AD-A09B-5C2FF154B536} = {B3D76B51-0913-4965-960F-AC18E805EC5F}
		{F9470318-44AA-4106-BE4B-654DB356BE14} = {B3D76B51-0913-4965-960F-AC18E805EC5F}
		{208BFD68-CD26-4AC4-836B-3FA884A2B4F3} = {B3D76B51-0913-4965-960F-AC18E805EC5F}
	EndGlobalSection
EndGlobal
