
Microsoft Visual Studio Solution File, Format Version 12.00
# Visual Studio Version 17
VisualStudioVersion = 17.0.31903.59
MinimumVisualStudioVersion = 10.0.40219.1
Project("{2150E333-8FDC-42A3-9474-1A3956D46DE8}") = "솔루션 항목", "솔루션 항목", "{2997EB95-1DFE-4A49-A9AE-9A92F0FC5DB5}"
	ProjectSection(SolutionItems) = preProject
		.editorconfig = .editorconfig
	EndProjectSection
EndProject
Project("{2150E333-8FDC-42A3-9474-1A3956D46DE8}") = "Chapter1", "Chapter1", "{EE368038-DB95-4A32-A095-76448DDA4A59}"
EndProject
Project("{9A19103F-16F7-4668-BE54-9A1E7A4F7556}") = "Recipe7", "Chapter1\Recipe7\Recipe7.csproj", "{B9559CA2-9E1B-4FEC-8E34-869FCDA8141F}"
EndProject
Project("{9A19103F-16F7-4668-BE54-9A1E7A4F7556}") = "Recipe6", "Chapter1\Recipe6\Recipe6.csproj", "{757E864E-BF63-45AA-BE01-4A80F5C4357B}"
EndProject
Project("{FAE04EC0-301F-11D3-BF4B-00C04F79EFBC}") = "Recipe8", "Chapter1\Recipe8\Recipe8.csproj", "{6DB8DC27-6921-4A03-B792-8A7D7578D69E}"
EndProject
Project("{FAE04EC0-301F-11D3-BF4B-00C04F79EFBC}") = "Recipe9", "Chapter1\Recipe9\Recipe9.csproj", "{FE1227C2-83C3-4545-9782-6E02E41591D3}"
EndProject
Project("{FAE04EC0-301F-11D3-BF4B-00C04F79EFBC}") = "Recipe10", "Chapter1\Recipe10\Recipe10.csproj", "{359828B1-7AB5-4545-B12D-36238DB0DEB2}"
EndProject
Project("{FAE04EC0-301F-11D3-BF4B-00C04F79EFBC}") = "Recipe11", "Chapter1\Recipe11\Recipe11.csproj", "{E155246B-5D45-4EB4-9ACF-32DC7CCC2B71}"
EndProject
Project("{2150E333-8FDC-42A3-9474-1A3956D46DE8}") = "Chapter2", "Chapter2", "{73164C3F-6688-4BFF-925D-2554F03EF2CC}"
EndProject
Project("{FAE04EC0-301F-11D3-BF4B-00C04F79EFBC}") = "Recipe1", "Chapter2\Recipe1\Recipe1.csproj", "{578CC347-5E4C-4C46-B7D0-679C4487AF39}"
EndProject
Project("{FAE04EC0-301F-11D3-BF4B-00C04F79EFBC}") = "Recipe2", "Chapter2\Recipe2\Recipe2.csproj", "{8A867F79-49F9-46F1-BF87-C06AFE9C9191}"
EndProject
Project("{FAE04EC0-301F-11D3-BF4B-00C04F79EFBC}") = "Recipe3", "Chapter2\Recipe3\Recipe3.csproj", "{9B40E441-F07D-427D-AAEA-5E5053263DAA}"
EndProject
Project("{FAE04EC0-301F-11D3-BF4B-00C04F79EFBC}") = "Recipe4", "Chapter2\Recipe4\Recipe4.csproj", "{1BF56F0C-5B64-4C96-8431-C612DBF64732}"
EndProject
Project("{FAE04EC0-301F-11D3-BF4B-00C04F79EFBC}") = "Recipe5", "Chapter2\Recipe5\Recipe5.csproj", "{FDD63581-28BE-444D-A41D-D3FC052C74F4}"
EndProject
Project("{FAE04EC0-301F-11D3-BF4B-00C04F79EFBC}") = "Recipe6", "Chapter2\Recipe6\Recipe6.csproj", "{27C410D4-F2BA-4A41-8DDB-E600451B43A0}"
EndProject
Project("{FAE04EC0-301F-11D3-BF4B-00C04F79EFBC}") = "Recipe7", "Chapter2\Recipe7\Recipe7.csproj", "{9A5FE4B3-55B1-4850-9958-AAD8D8657CDC}"
EndProject
Project("{FAE04EC0-301F-11D3-BF4B-00C04F79EFBC}") = "Recipe8", "Chapter2\Recipe8\Recipe8.csproj", "{E0D1636D-3736-4D88-BC32-E6CB0415E489}"
EndProject
Project("{FAE04EC0-301F-11D3-BF4B-00C04F79EFBC}") = "Recipe9", "Chapter2\Recipe9\Recipe9.csproj", "{9DED4944-A23A-4BA8-854E-8B444324372F}"
EndProject
Project("{2150E333-8FDC-42A3-9474-1A3956D46DE8}") = "Chapter3", "Chapter3", "{79DFD6E0-36F9-4916-A51C-8AAD7F708305}"
EndProject
Project("{FAE04EC0-301F-11D3-BF4B-00C04F79EFBC}") = "Recipe1", "Chapter3\Recipe1\Recipe1.csproj", "{1063874B-0986-4FB9-96FA-BB856F4786D3}"
EndProject
Project("{2150E333-8FDC-42A3-9474-1A3956D46DE8}") = "Chapter4", "Chapter4", "{D4D46A94-5A2E-4CDD-B879-3F493E53F640}"
EndProject
Project("{FAE04EC0-301F-11D3-BF4B-00C04F79EFBC}") = "Recipe1", "Chapter4\Recipe1\Recipe1.csproj", "{CF70D443-1C9E-44E4-BF9D-2253C2F69156}"
EndProject
Project("{FAE04EC0-301F-11D3-BF4B-00C04F79EFBC}") = "Recipe2", "Chapter4\Recipe2\Recipe2.csproj", "{A450024C-0926-4ADD-9D52-FEDADA9DAF26}"
EndProject
Global
	GlobalSection(SolutionConfigurationPlatforms) = preSolution
		Debug|Any CPU = Debug|Any CPU
		Release|Any CPU = Release|Any CPU
	EndGlobalSection
	GlobalSection(ProjectConfigurationPlatforms) = postSolution
		{B9559CA2-9E1B-4FEC-8E34-869FCDA8141F}.Debug|Any CPU.ActiveCfg = Debug|Any CPU
		{B9559CA2-9E1B-4FEC-8E34-869FCDA8141F}.Debug|Any CPU.Build.0 = Debug|Any CPU
		{B9559CA2-9E1B-4FEC-8E34-869FCDA8141F}.Release|Any CPU.ActiveCfg = Release|Any CPU
		{B9559CA2-9E1B-4FEC-8E34-869FCDA8141F}.Release|Any CPU.Build.0 = Release|Any CPU
		{757E864E-BF63-45AA-BE01-4A80F5C4357B}.Debug|Any CPU.ActiveCfg = Debug|Any CPU
		{757E864E-BF63-45AA-BE01-4A80F5C4357B}.Debug|Any CPU.Build.0 = Debug|Any CPU
		{757E864E-BF63-45AA-BE01-4A80F5C4357B}.Release|Any CPU.ActiveCfg = Release|Any CPU
		{757E864E-BF63-45AA-BE01-4A80F5C4357B}.Release|Any CPU.Build.0 = Release|Any CPU
		{6DB8DC27-6921-4A03-B792-8A7D7578D69E}.Debug|Any CPU.ActiveCfg = Debug|Any CPU
		{6DB8DC27-6921-4A03-B792-8A7D7578D69E}.Debug|Any CPU.Build.0 = Debug|Any CPU
		{6DB8DC27-6921-4A03-B792-8A7D7578D69E}.Release|Any CPU.ActiveCfg = Release|Any CPU
		{6DB8DC27-6921-4A03-B792-8A7D7578D69E}.Release|Any CPU.Build.0 = Release|Any CPU
		{FE1227C2-83C3-4545-9782-6E02E41591D3}.Debug|Any CPU.ActiveCfg = Debug|Any CPU
		{FE1227C2-83C3-4545-9782-6E02E41591D3}.Debug|Any CPU.Build.0 = Debug|Any CPU
		{FE1227C2-83C3-4545-9782-6E02E41591D3}.Release|Any CPU.ActiveCfg = Release|Any CPU
		{FE1227C2-83C3-4545-9782-6E02E41591D3}.Release|Any CPU.Build.0 = Release|Any CPU
		{359828B1-7AB5-4545-B12D-36238DB0DEB2}.Debug|Any CPU.ActiveCfg = Debug|Any CPU
		{359828B1-7AB5-4545-B12D-36238DB0DEB2}.Debug|Any CPU.Build.0 = Debug|Any CPU
		{359828B1-7AB5-4545-B12D-36238DB0DEB2}.Release|Any CPU.ActiveCfg = Release|Any CPU
		{359828B1-7AB5-4545-B12D-36238DB0DEB2}.Release|Any CPU.Build.0 = Release|Any CPU
		{E155246B-5D45-4EB4-9ACF-32DC7CCC2B71}.Debug|Any CPU.ActiveCfg = Debug|Any CPU
		{E155246B-5D45-4EB4-9ACF-32DC7CCC2B71}.Debug|Any CPU.Build.0 = Debug|Any CPU
		{E155246B-5D45-4EB4-9ACF-32DC7CCC2B71}.Release|Any CPU.ActiveCfg = Release|Any CPU
		{E155246B-5D45-4EB4-9ACF-32DC7CCC2B71}.Release|Any CPU.Build.0 = Release|Any CPU
		{578CC347-5E4C-4C46-B7D0-679C4487AF39}.Debug|Any CPU.ActiveCfg = Debug|Any CPU
		{578CC347-5E4C-4C46-B7D0-679C4487AF39}.Debug|Any CPU.Build.0 = Debug|Any CPU
		{578CC347-5E4C-4C46-B7D0-679C4487AF39}.Release|Any CPU.ActiveCfg = Release|Any CPU
		{578CC347-5E4C-4C46-B7D0-679C4487AF39}.Release|Any CPU.Build.0 = Release|Any CPU
		{8A867F79-49F9-46F1-BF87-C06AFE9C9191}.Debug|Any CPU.ActiveCfg = Debug|Any CPU
		{8A867F79-49F9-46F1-BF87-C06AFE9C9191}.Debug|Any CPU.Build.0 = Debug|Any CPU
		{8A867F79-49F9-46F1-BF87-C06AFE9C9191}.Release|Any CPU.ActiveCfg = Release|Any CPU
		{8A867F79-49F9-46F1-BF87-C06AFE9C9191}.Release|Any CPU.Build.0 = Release|Any CPU
		{9B40E441-F07D-427D-AAEA-5E5053263DAA}.Debug|Any CPU.ActiveCfg = Debug|Any CPU
		{9B40E441-F07D-427D-AAEA-5E5053263DAA}.Debug|Any CPU.Build.0 = Debug|Any CPU
		{9B40E441-F07D-427D-AAEA-5E5053263DAA}.Release|Any CPU.ActiveCfg = Release|Any CPU
		{9B40E441-F07D-427D-AAEA-5E5053263DAA}.Release|Any CPU.Build.0 = Release|Any CPU
		{1BF56F0C-5B64-4C96-8431-C612DBF64732}.Debug|Any CPU.ActiveCfg = Debug|Any CPU
		{1BF56F0C-5B64-4C96-8431-C612DBF64732}.Debug|Any CPU.Build.0 = Debug|Any CPU
		{1BF56F0C-5B64-4C96-8431-C612DBF64732}.Release|Any CPU.ActiveCfg = Release|Any CPU
		{1BF56F0C-5B64-4C96-8431-C612DBF64732}.Release|Any CPU.Build.0 = Release|Any CPU
		{FDD63581-28BE-444D-A41D-D3FC052C74F4}.Debug|Any CPU.ActiveCfg = Debug|Any CPU
		{FDD63581-28BE-444D-A41D-D3FC052C74F4}.Debug|Any CPU.Build.0 = Debug|Any CPU
		{FDD63581-28BE-444D-A41D-D3FC052C74F4}.Release|Any CPU.ActiveCfg = Release|Any CPU
		{FDD63581-28BE-444D-A41D-D3FC052C74F4}.Release|Any CPU.Build.0 = Release|Any CPU
		{27C410D4-F2BA-4A41-8DDB-E600451B43A0}.Debug|Any CPU.ActiveCfg = Debug|Any CPU
		{27C410D4-F2BA-4A41-8DDB-E600451B43A0}.Debug|Any CPU.Build.0 = Debug|Any CPU
		{27C410D4-F2BA-4A41-8DDB-E600451B43A0}.Release|Any CPU.ActiveCfg = Release|Any CPU
		{27C410D4-F2BA-4A41-8DDB-E600451B43A0}.Release|Any CPU.Build.0 = Release|Any CPU
		{9A5FE4B3-55B1-4850-9958-AAD8D8657CDC}.Debug|Any CPU.ActiveCfg = Debug|Any CPU
		{9A5FE4B3-55B1-4850-9958-AAD8D8657CDC}.Debug|Any CPU.Build.0 = Debug|Any CPU
		{9A5FE4B3-55B1-4850-9958-AAD8D8657CDC}.Release|Any CPU.ActiveCfg = Release|Any CPU
		{9A5FE4B3-55B1-4850-9958-AAD8D8657CDC}.Release|Any CPU.Build.0 = Release|Any CPU
		{E0D1636D-3736-4D88-BC32-E6CB0415E489}.Debug|Any CPU.ActiveCfg = Debug|Any CPU
		{E0D1636D-3736-4D88-BC32-E6CB0415E489}.Debug|Any CPU.Build.0 = Debug|Any CPU
		{E0D1636D-3736-4D88-BC32-E6CB0415E489}.Release|Any CPU.ActiveCfg = Release|Any CPU
		{E0D1636D-3736-4D88-BC32-E6CB0415E489}.Release|Any CPU.Build.0 = Release|Any CPU
		{9DED4944-A23A-4BA8-854E-8B444324372F}.Debug|Any CPU.ActiveCfg = Debug|Any CPU
		{9DED4944-A23A-4BA8-854E-8B444324372F}.Debug|Any CPU.Build.0 = Debug|Any CPU
		{9DED4944-A23A-4BA8-854E-8B444324372F}.Release|Any CPU.ActiveCfg = Release|Any CPU
		{9DED4944-A23A-4BA8-854E-8B444324372F}.Release|Any CPU.Build.0 = Release|Any CPU
		{1063874B-0986-4FB9-96FA-BB856F4786D3}.Debug|Any CPU.ActiveCfg = Debug|Any CPU
		{1063874B-0986-4FB9-96FA-BB856F4786D3}.Debug|Any CPU.Build.0 = Debug|Any CPU
		{1063874B-0986-4FB9-96FA-BB856F4786D3}.Release|Any CPU.ActiveCfg = Release|Any CPU
		{1063874B-0986-4FB9-96FA-BB856F4786D3}.Release|Any CPU.Build.0 = Release|Any CPU
		{CF70D443-1C9E-44E4-BF9D-2253C2F69156}.Debug|Any CPU.ActiveCfg = Debug|Any CPU
		{CF70D443-1C9E-44E4-BF9D-2253C2F69156}.Debug|Any CPU.Build.0 = Debug|Any CPU
		{CF70D443-1C9E-44E4-BF9D-2253C2F69156}.Release|Any CPU.ActiveCfg = Release|Any CPU
		{CF70D443-1C9E-44E4-BF9D-2253C2F69156}.Release|Any CPU.Build.0 = Release|Any CPU
		{A450024C-0926-4ADD-9D52-FEDADA9DAF26}.Debug|Any CPU.ActiveCfg = Debug|Any CPU
		{A450024C-0926-4ADD-9D52-FEDADA9DAF26}.Debug|Any CPU.Build.0 = Debug|Any CPU
		{A450024C-0926-4ADD-9D52-FEDADA9DAF26}.Release|Any CPU.ActiveCfg = Release|Any CPU
		{A450024C-0926-4ADD-9D52-FEDADA9DAF26}.Release|Any CPU.Build.0 = Release|Any CPU
	EndGlobalSection
	GlobalSection(SolutionProperties) = preSolution
		HideSolutionNode = FALSE
	EndGlobalSection
	GlobalSection(NestedProjects) = preSolution
		{B9559CA2-9E1B-4FEC-8E34-869FCDA8141F} = {EE368038-DB95-4A32-A095-76448DDA4A59}
		{757E864E-BF63-45AA-BE01-4A80F5C4357B} = {EE368038-DB95-4A32-A095-76448DDA4A59}
		{6DB8DC27-6921-4A03-B792-8A7D7578D69E} = {EE368038-DB95-4A32-A095-76448DDA4A59}
		{FE1227C2-83C3-4545-9782-6E02E41591D3} = {EE368038-DB95-4A32-A095-76448DDA4A59}
		{359828B1-7AB5-4545-B12D-36238DB0DEB2} = {EE368038-DB95-4A32-A095-76448DDA4A59}
		{E155246B-5D45-4EB4-9ACF-32DC7CCC2B71} = {EE368038-DB95-4A32-A095-76448DDA4A59}
		{578CC347-5E4C-4C46-B7D0-679C4487AF39} = {73164C3F-6688-4BFF-925D-2554F03EF2CC}
		{8A867F79-49F9-46F1-BF87-C06AFE9C9191} = {73164C3F-6688-4BFF-925D-2554F03EF2CC}
		{9B40E441-F07D-427D-AAEA-5E5053263DAA} = {73164C3F-6688-4BFF-925D-2554F03EF2CC}
		{1BF56F0C-5B64-4C96-8431-C612DBF64732} = {73164C3F-6688-4BFF-925D-2554F03EF2CC}
		{FDD63581-28BE-444D-A41D-D3FC052C74F4} = {73164C3F-6688-4BFF-925D-2554F03EF2CC}
		{27C410D4-F2BA-4A41-8DDB-E600451B43A0} = {73164C3F-6688-4BFF-925D-2554F03EF2CC}
		{9A5FE4B3-55B1-4850-9958-AAD8D8657CDC} = {73164C3F-6688-4BFF-925D-2554F03EF2CC}
		{E0D1636D-3736-4D88-BC32-E6CB0415E489} = {73164C3F-6688-4BFF-925D-2554F03EF2CC}
		{9DED4944-A23A-4BA8-854E-8B444324372F} = {73164C3F-6688-4BFF-925D-2554F03EF2CC}
		{1063874B-0986-4FB9-96FA-BB856F4786D3} = {79DFD6E0-36F9-4916-A51C-8AAD7F708305}
		{CF70D443-1C9E-44E4-BF9D-2253C2F69156} = {D4D46A94-5A2E-4CDD-B879-3F493E53F640}
		{A450024C-0926-4ADD-9D52-FEDADA9DAF26} = {D4D46A94-5A2E-4CDD-B879-3F493E53F640}
	EndGlobalSection
EndGlobal
